# THIS IS AN AUTOGENERATED FILE. DO NOT EDIT THIS FILE DIRECTLY.
# yarn lockfile v1


classnames@^2.5.1:
  version "2.5.1"
  resolved "https://registry.yarnpkg.com/classnames/-/classnames-2.5.1.tgz#ba774c614be0f016da105c858e7159eae8e7687b"
  integrity sha512-saHYOzhIQs6wy2sVxTM6bUDsQO4F50V9RQ22qBpEdCW+I+/Wmke2HOl6lS6dTpdxVhb88/I6+Hs+438c3lfUow==

clsx@^2.1.1:
  version "2.1.1"
  resolved "https://registry.yarnpkg.com/clsx/-/clsx-2.1.1.tgz#eed397c9fd8bd882bfb18deab7102049a2f32999"
  integrity sha512-eYm0QWBtUrBWZWG0d386OGAw16Z995PiOVo2B7bjWSbHedGl5e0ZWaq65kOGgUSNesEIDkB9ISbTg/JK9dhCZA==

react-toastify@^11.0.5:
  version "11.0.5"
  resolved "https://registry.yarnpkg.com/react-toastify/-/react-toastify-11.0.5.tgz#ce4c42d10eeb433988ab2264d3e445c4e9d13313"
  integrity sha512-EpqHBGvnSTtHYhCPLxML05NLY2ZX0JURbAdNYa6BUkk+amz4wbKBQvoKQAB0ardvSarUBuY4Q4s1sluAzZwkmA==
  dependencies:
    clsx "^2.1.1"
